PODS:
  - connectivity_plus (0.0.1):
    - Flutter
  - Flutter (1.0.0)
  - flutter_contacts (0.0.1):
    - Flutter
  - fluttertoast (0.0.2):
    - Flutter
  - image_picker_ios (0.0.1):
    - Flutter
  - open_file_ios (1.0.3):
    - Flutter
  - permission_handler_apple (9.4.8):
    - Flutter
  - razorpay-core-pod (1.0.7)
  - razorpay-pod (1.5.6):
    - razorpay-core-pod (= 1.0.7)
  - razorpay_flutter (1.1.10):
    - Flutter
    - razorpay-pod
  - screen_protector (1.5.1):
    - Flutter
    - ScreenProtectorKit (= 1.5.1)
  - ScreenProtectorKit (1.5.1)
  - shared_preferences_foundation (0.0.1):
    - Flutter
    - FlutterMacOS
  - url_launcher_ios (0.0.1):
    - Flutter

DEPENDENCIES:
  - connectivity_plus (from `.symlinks/plugins/connectivity_plus/ios`)
  - Flutter (from `Flutter`)
  - flutter_contacts (from `.symlinks/plugins/flutter_contacts/ios`)
  - fluttertoast (from `.symlinks/plugins/fluttertoast/ios`)
  - image_picker_ios (from `.symlinks/plugins/image_picker_ios/ios`)
  - open_file_ios (from `.symlinks/plugins/open_file_ios/ios`)
  - permission_handler_apple (from `.symlinks/plugins/permission_handler_apple/ios`)
  - razorpay_flutter (from `.symlinks/plugins/razorpay_flutter/ios`)
  - screen_protector (from `.symlinks/plugins/screen_protector/ios`)
  - shared_preferences_foundation (from `.symlinks/plugins/shared_preferences_foundation/darwin`)
  - url_launcher_ios (from `.symlinks/plugins/url_launcher_ios/ios`)

SPEC REPOS:
  trunk:
    - razorpay-core-pod
    - razorpay-pod
    - ScreenProtectorKit

EXTERNAL SOURCES:
  connectivity_plus:
    :path: ".symlinks/plugins/connectivity_plus/ios"
  Flutter:
    :path: Flutter
  flutter_contacts:
    :path: ".symlinks/plugins/flutter_contacts/ios"
  fluttertoast:
    :path: ".symlinks/plugins/fluttertoast/ios"
  image_picker_ios:
    :path: ".symlinks/plugins/image_picker_ios/ios"
  open_file_ios:
    :path: ".symlinks/plugins/open_file_ios/ios"
  permission_handler_apple:
    :path: ".symlinks/plugins/permission_handler_apple/ios"
  razorpay_flutter:
    :path: ".symlinks/plugins/razorpay_flutter/ios"
  screen_protector:
    :path: ".symlinks/plugins/screen_protector/ios"
  shared_preferences_foundation:
    :path: ".symlinks/plugins/shared_preferences_foundation/darwin"
  url_launcher_ios:
    :path: ".symlinks/plugins/url_launcher_ios/ios"

SPEC CHECKSUMS:
  connectivity_plus: 2a701ffec2c0ae28a48cf7540e279787e77c447d
  Flutter: cabc95a1d2626b1b06e7179b784ebcf0c0cde467
  flutter_contacts: edb1c5ce76aa433e20e6cb14c615f4c0b66e0983
  fluttertoast: fac57e14a92926e51402ed1da7a53ecd30588a44
  image_picker_ios: 4f2f91b01abdb52842a8e277617df877e40f905b
  open_file_ios: 04cd9d58ba71ec67c8aa56dbf5e0f3ae755b19ba
  permission_handler_apple: ee2fe0fd04551b304eb002714ff067c371c822ed
  razorpay-core-pod: c7f3ac3d214c1a7fac4e9a59c1de7eac02130573
  razorpay-pod: e939db88bc67c33a84bcc419505b8546b1081023
  razorpay_flutter: 84b3bfd206ae9c9c2a9ba585524a1b3d8102b6c1
  screen_protector: 585e4a9744efa35ec4ba9a6877b22e46b8d48987
  ScreenProtectorKit: 6ceb3e0808341a9bc15d175bff40dfdd4b32da71
  shared_preferences_foundation: 5086985c1d43c5ba4d5e69a4e8083a389e2909e6
  url_launcher_ios: bb13df5870e8c4234ca12609d04010a21be43dfa

PODFILE CHECKSUM: 3c63482e143d1b91d2d2560aee9fb04ecc74ac7e

COCOAPODS: 1.15.2
